[[tools."aqua:BurntSushi/ripgrep"]]
version = "15.1.0"
backend = "aqua:BurntSushi/ripgrep"
"platforms.linux-arm64" = { checksum = "sha256:2b661c6ef508e902f388e9098d9c4c5aca72c87b55922d94abdba830b4dc885e", url = "https://github.com/BurntSushi/ripgrep/releases/download/15.1.0/ripgrep-15.1.0-aarch64-unknown-linux-gnu.tar.gz"}
"platforms.linux-x64" = { checksum = "sha256:1c9297be4a084eea7ecaedf93eb03d058d6faae29bbc57ecdaf5063921491599", url = "https://github.com/BurntSushi/ripgrep/releases/download/15.1.0/ripgrep-15.1.0-x86_64-unknown-linux-musl.tar.gz"}
"platforms.macos-arm64" = { checksum = "sha256:378e973289176ca0c6054054ee7f631a065874a352bf43f0fa60ef079b6ba715", url = "https://github.com/BurntSushi/ripgrep/releases/download/15.1.0/ripgrep-15.1.0-aarch64-apple-darwin.tar.gz"}
"platforms.macos-x64" = { checksum = "sha256:64811cb24e77cac3057d6c40b63ac9becf9082eedd54ca411b475b755d334882", url = "https://github.com/BurntSushi/ripgrep/releases/download/15.1.0/ripgrep-15.1.0-x86_64-apple-darwin.tar.gz"}
"platforms.windows-x64" = { checksum = "sha256:124510b94b6baa3380d051fdf4650eaa80a302c876d611e9dba0b2e18d87493a", url = "https://github.com/BurntSushi/ripgrep/releases/download/15.1.0/ripgrep-15.1.0-x86_64-pc-windows-msvc.zip"}

[[tools."aqua:Orange-OpenSource/hurl"]]
version = "7.1.0"
backend = "aqua:Orange-OpenSource/hurl"
"platforms.linux-arm64" = { checksum = "sha256:4c15c4fbef2aaee94d62e022623415d8148f7455c36adfa1402c645c610529b6", url = "https://github.com/Orange-OpenSource/hurl/releases/download/7.1.0/hurl-7.1.0-aarch64-unknown-linux-gnu.tar.gz"}
"platforms.linux-x64" = { checksum = "sha256:bed802fea307d330d899935e76614ae1d9bdd1b3139e5cf77cb717033260880c", url = "https://github.com/Orange-OpenSource/hurl/releases/download/7.1.0/hurl-7.1.0-x86_64-unknown-linux-gnu.tar.gz"}
"platforms.macos-arm64" = { checksum = "sha256:bb4103efdffeed83e96e368b7deab8bfcaff5ba7c12a8e02090e968ca9800508", url = "https://github.com/Orange-OpenSource/hurl/releases/download/7.1.0/hurl-7.1.0-aarch64-apple-darwin.tar.gz"}
"platforms.macos-x64" = { checksum = "sha256:1b3f2b3893f26d186b7ec2726cbe644c3309c9abda73451b2a2e0bc07539eee8", url = "https://github.com/Orange-OpenSource/hurl/releases/download/7.1.0/hurl-7.1.0-x86_64-apple-darwin.tar.gz"}
"platforms.windows-x64" = { checksum = "sha256:ce0fcbd889513faafe2c5d52e1051abfd9c78b927089e7a59c364d70d0ae26a7", url = "https://github.com/Orange-OpenSource/hurl/releases/download/7.1.0/hurl-7.1.0-x86_64-pc-windows-msvc.zip"}

[[tools."aqua:SuperCuber/dotter"]]
version = "0.13.4"
backend = "aqua:SuperCuber/dotter"
"platforms.linux-arm64" = { checksum = "sha256:8d2db54066785f36f99ae505be162e432a609d8931707d57c1ff5b8f27978434", url = "https://github.com/SuperCuber/dotter/releases/download/v0.13.4/dotter-linux-arm64-musl"}
"platforms.linux-x64" = { checksum = "sha256:a34d82389f107c16323906970f09d6bd667e1dc64ae1d422ea6fdec68d9e8ae6", url = "https://github.com/SuperCuber/dotter/releases/download/v0.13.4/dotter-linux-x64-musl"}
"platforms.macos-arm64" = { checksum = "sha256:879ceea575478d16221f1bc49d111d3a1aa1dba696c72ac65c3ae6b7831a55e4", url = "https://github.com/SuperCuber/dotter/releases/download/v0.13.4/dotter-macos-arm64.arm"}
"platforms.windows-x64" = { checksum = "sha256:0cc48fdbfcf8e6f788f388dea7694d497baf1967c381b0d0ad9f8ceff68996d9", url = "https://github.com/SuperCuber/dotter/releases/download/v0.13.4/dotter-windows-x64-msvc.exe"}

[[tools."aqua:Wilfred/difftastic"]]
version = "0.67.0"
backend = "aqua:Wilfred/difftastic"
"platforms.linux-arm64" = { checksum = "sha256:e36f746fbf5d37c68c1d760878fdb77778066c6a646253bb8d9ae7d3fe84c81b", url = "https://github.com/Wilfred/difftastic/releases/download/0.67.0/difft-aarch64-unknown-linux-gnu.tar.gz"}
"platforms.linux-x64" = { checksum = "sha256:328e1ab028a36b81ae990c9fc40a1c8eb618e14559e0d67a0a63f328ad85de09", url = "https://github.com/Wilfred/difftastic/releases/download/0.67.0/difft-x86_64-unknown-linux-musl.tar.gz"}
"platforms.macos-arm64" = { checksum = "sha256:cdb1d74f2b0f37df3bce7a9ac09d8ecd0d2d94530627516ff9b12f25d187a555", url = "https://github.com/Wilfred/difftastic/releases/download/0.67.0/difft-aarch64-apple-darwin.tar.gz"}
"platforms.macos-x64" = { checksum = "sha256:83cc28d781f11b7fc2723b73ded623cf97a70a0849dff1efa39d1864adfdac54", url = "https://github.com/Wilfred/difftastic/releases/download/0.67.0/difft-x86_64-apple-darwin.tar.gz"}
"platforms.windows-x64" = { checksum = "sha256:5fd7aa37ce90f838fb91f6e4b2765ac9cad0a7e9d1dccc5b19529fd6b4cbf8b4", url = "https://github.com/Wilfred/difftastic/releases/download/0.67.0/difft-x86_64-pc-windows-msvc.zip"}

[[tools."aqua:YS-L/csvlens"]]
version = "0.15.1"
backend = "aqua:YS-L/csvlens"
"platforms.linux-x64" = { checksum = "sha256:ab086b420e453618fd1544eb4e09cc98279e8570b739725592feb241cd1bef4b", url = "https://github.com/YS-L/csvlens/releases/download/v0.15.1/csvlens-x86_64-unknown-linux-musl.tar.xz"}
"platforms.macos-arm64" = { checksum = "sha256:d227c0acee1ac49956eacf12f301e7ce2e20ab36aa863d4c44b8bca93ec8e7b3", url = "https://github.com/YS-L/csvlens/releases/download/v0.15.1/csvlens-aarch64-apple-darwin.tar.xz"}
"platforms.macos-x64" = { checksum = "sha256:26374c1d11fd628475e26d7ecbc8e6f4c4bbd76b15f48f31dd8609fdbbdd0137", url = "https://github.com/YS-L/csvlens/releases/download/v0.15.1/csvlens-x86_64-apple-darwin.tar.xz"}
"platforms.windows-x64" = { checksum = "sha256:2b7cf7818288b98571382f0b65b8d03139ab2a1d71d2505ecdeb06a33186bf7d", url = "https://github.com/YS-L/csvlens/releases/download/v0.15.1/csvlens-x86_64-pc-windows-msvc.zip"}

[[tools."aqua:abiosoft/colima"]]
version = "0.10.1"
backend = "aqua:abiosoft/colima"
"platforms.linux-arm64" = { checksum = "sha256:9d89f1fc10d15eb214e9ab7b30b70bc1524df33bcd7d6828082132e09e33e8ef", url = "https://github.com/abiosoft/colima/releases/download/v0.10.1/colima-Linux-aarch64"}
"platforms.linux-x64" = { checksum = "sha256:71293b94c725e26b35dcd00dfbc4713436237e76d99e768f5b14cebc4e7bfe8e", url = "https://github.com/abiosoft/colima/releases/download/v0.10.1/colima-Linux-x86_64"}
"platforms.macos-arm64" = { checksum = "sha256:cff716570125444d9560e735d8a23ea50e9f70ca722bb9f44ab456c548425ea3", url = "https://github.com/abiosoft/colima/releases/download/v0.10.1/colima-Darwin-arm64"}
"platforms.macos-x64" = { checksum = "sha256:c927d411f70b7b40aced1caeef36cf3b19e0318cfad3606a0292cd488e9c4a0f", url = "https://github.com/abiosoft/colima/releases/download/v0.10.1/colima-Darwin-x86_64"}

[[tools."aqua:ajeetdsouza/zoxide"]]
version = "0.9.9"
backend = "aqua:ajeetdsouza/zoxide"
"platforms.linux-arm64" = { checksum = "sha256:96e6ea2e47a71db42cb7ad5a36e9209c8cb3708f8ae00f6945573d0d93315cb0", url = "https://github.com/ajeetdsouza/zoxide/releases/download/v0.9.9/zoxide-0.9.9-aarch64-unknown-linux-musl.tar.gz"}
"platforms.linux-x64" = { checksum = "sha256:4ff057d3c4d957946937274c2b8be7af2a9bbae7f90a1b5e9baaa7cb65a20caa", url = "https://github.com/ajeetdsouza/zoxide/releases/download/v0.9.9/zoxide-0.9.9-x86_64-unknown-linux-musl.tar.gz"}
"platforms.macos-arm64" = { checksum = "sha256:57e733d0436309dae2ed97e46bba43937209395298e1d88812d4e893900cb40a", url = "https://github.com/ajeetdsouza/zoxide/releases/download/v0.9.9/zoxide-0.9.9-aarch64-apple-darwin.tar.gz"}
"platforms.macos-x64" = { checksum = "sha256:364249cff18354397c72ebb6b8f7358404c051c486e0f2f7a46e36c86c16f8c7", url = "https://github.com/ajeetdsouza/zoxide/releases/download/v0.9.9/zoxide-0.9.9-x86_64-apple-darwin.tar.gz"}
"platforms.windows-x64" = { checksum = "sha256:5af00d0916f05631e3030537289eac56605e7c1733318c4d525c8e847f12496d", url = "https://github.com/ajeetdsouza/zoxide/releases/download/v0.9.9/zoxide-0.9.9-x86_64-pc-windows-msvc.zip"}

[[tools."aqua:antonmedv/fx"]]
version = "39.2.0"
backend = "aqua:antonmedv/fx"
"platforms.linux-arm64" = { checksum = "sha256:85ea8435b0a80b6d31ffa9f61ac9b67d9bb8f0ffffabdfe5e7e587b07a0a0684", url = "https://github.com/antonmedv/fx/releases/download/39.2.0/fx_linux_arm64"}
"platforms.linux-x64" = { checksum = "sha256:17ea6549c7cf0b8be5ec109d04da7fbf1d5de9f7b99d957a6215081933528afe", url = "https://github.com/antonmedv/fx/releases/download/39.2.0/fx_linux_amd64"}
"platforms.macos-arm64" = { checksum = "sha256:5d7dadbf8ac4e4a55b5b6d31bdd958b90823292997ba9ddae395f66417bb4a9b", url = "https://github.com/antonmedv/fx/releases/download/39.2.0/fx_darwin_arm64"}
"platforms.macos-x64" = { checksum = "sha256:2ad7d0a6e1ea67ab10a22cc06825fdc776511e8f412926d1c752b630eac12e02", url = "https://github.com/antonmedv/fx/releases/download/39.2.0/fx_darwin_amd64"}
"platforms.windows-x64" = { checksum = "sha256:00fbddd7bd67f747a51aecc0a5bafcc695a21dfae7b912684510722c8e2d6d22", url = "https://github.com/antonmedv/fx/releases/download/39.2.0/fx_windows_amd64.exe"}

[[tools."aqua:aquasecurity/trivy"]]
version = "0.69.3"
backend = "aqua:aquasecurity/trivy"
"platforms.linux-arm64" = { checksum = "sha256:7e3924a974e912e57b4a99f65ece7931f8079584dae12eb7845024f97087bdfd", url = "https://github.com/aquasecurity/trivy/releases/download/v0.69.3/trivy_0.69.3_Linux-ARM64.tar.gz"}
"platforms.linux-x64" = { checksum = "sha256:1816b632dfe529869c740c0913e36bd1629cb7688bd5634f4a858c1d57c88b75", url = "https://github.com/aquasecurity/trivy/releases/download/v0.69.3/trivy_0.69.3_Linux-64bit.tar.gz"}
"platforms.macos-arm64" = { checksum = "sha256:a2f2179afd4f8bb265ca3c7aefb56a666bc4a9a411663bc0f22c3549fbc643a5", url = "https://github.com/aquasecurity/trivy/releases/download/v0.69.3/trivy_0.69.3_macOS-ARM64.tar.gz"}
"platforms.macos-x64" = { checksum = "sha256:fec4a9f7569b624dd9d044fca019e5da69e032700edbb1d7318972c448ec2f4e", url = "https://github.com/aquasecurity/trivy/releases/download/v0.69.3/trivy_0.69.3_macOS-64bit.tar.gz"}
"platforms.windows-x64" = { checksum = "sha256:74362dc711383255308230ecbeb587eb1e4e83a8d332be5b0259afac6e0c2224", url = "https://github.com/aquasecurity/trivy/releases/download/v0.69.3/trivy_0.69.3_windows-64bit.zip"}

[[tools."aqua:ast-grep/ast-grep"]]
version = "0.41.0"
backend = "aqua:ast-grep/ast-grep"
"platforms.linux-arm64" = { checksum = "sha256:6f089d014d5fda8fed2e63e5095acf8ebec4c4cd2e721bd663f2284ace42b623", url = "https://github.com/ast-grep/ast-grep/releases/download/0.41.0/app-aarch64-unknown-linux-gnu.zip"}
"platforms.linux-x64" = { checksum = "sha256:e71afdcbb2e79f7710a56d2f89662bdd0a6e9d639c4abecd5d5f129d80a38bac", url = "https://github.com/ast-grep/ast-grep/releases/download/0.41.0/app-x86_64-unknown-linux-gnu.zip"}
"platforms.macos-arm64" = { checksum = "sha256:388f1f0bf8bf1d64232f6894c1f06034909ca80fa40719ecf3461c07fdd1c23c", url = "https://github.com/ast-grep/ast-grep/releases/download/0.41.0/app-aarch64-apple-darwin.zip"}
"platforms.macos-x64" = { checksum = "sha256:a22b64ac5880fa1cab57988f6d9e99c412a2024bc4e2834540d4f6499108aa73", url = "https://github.com/ast-grep/ast-grep/releases/download/0.41.0/app-x86_64-apple-darwin.zip"}
"platforms.windows-x64" = { checksum = "sha256:b13ba0f16f1b979cee4ec6c20984d7787749607df2c4c735802b34572efc43f2", url = "https://github.com/ast-grep/ast-grep/releases/download/0.41.0/app-x86_64-pc-windows-msvc.zip"}

[[tools."aqua:atuinsh/atuin"]]
version = "18.12.1"
backend = "aqua:atuinsh/atuin"
"platforms.linux-arm64" = { checksum = "sha256:7c03a5bf2daaea389426943213bc82dce680e0bfd54afea4cbb0686a2c9f8d13", url = "https://github.com/atuinsh/atuin/releases/download/v18.12.1/atuin-aarch64-unknown-linux-musl.tar.gz"}
"platforms.linux-x64" = { checksum = "sha256:0b25c91ff0619d2cd912f6b74abeb5f3386a28f06aee0a9d524077660ceeaee7", url = "https://github.com/atuinsh/atuin/releases/download/v18.12.1/atuin-x86_64-unknown-linux-musl.tar.gz"}
"platforms.macos-arm64" = { checksum = "sha256:bc4935ea9bddb1fc63d86f5859ba3c00c9d834ac8e1c689508ffb71054d63231", url = "https://github.com/atuinsh/atuin/releases/download/v18.12.1/atuin-aarch64-apple-darwin.tar.gz"}
"platforms.windows-x64" = { checksum = "sha256:602c9af0a86f455153d0b4e2517740733236bd1144abcdcc8cc9485092470547", url = "https://github.com/atuinsh/atuin/releases/download/v18.12.1/atuin-x86_64-pc-windows-msvc.zip"}

[[tools."aqua:bootandy/dust"]]
version = "1.2.4"
backend = "aqua:bootandy/dust"
"platforms.linux-arm64" = { checksum = "sha256:e09b0d24b5da0fa06aecf1561849c13ae41ef055c1ce7077e35e9a46744b16af", url = "https://github.com/bootandy/dust/releases/download/v1.2.4/dust-v1.2.4-aarch64-unknown-linux-musl.tar.gz"}
"platforms.linux-x64" = { checksum = "sha256:4e313f9f854017e58a2ada4c0d1774677b8cf53d63ab55a991d5871d5f504452", url = "https://github.com/bootandy/dust/releases/download/v1.2.4/dust-v1.2.4-x86_64-unknown-linux-musl.tar.gz"}
"platforms.macos-arm64" = { checksum = "sha256:bf84d3ff7f58e325d3eb5bb7696df6b22ef1e01fec80c2d8f7c9d3e611be66f4", url = "https://github.com/bootandy/dust/releases/download/v1.2.4/dust-v1.2.4-x86_64-apple-darwin.tar.gz"}
"platforms.macos-x64" = { checksum = "sha256:bf84d3ff7f58e325d3eb5bb7696df6b22ef1e01fec80c2d8f7c9d3e611be66f4", url = "https://github.com/bootandy/dust/releases/download/v1.2.4/dust-v1.2.4-x86_64-apple-darwin.tar.gz"}
"platforms.windows-x64" = { checksum = "sha256:eb08d642f016787bb9fc918a4dc5f34665463657fddf83a40f2441cbf020fb4c", url = "https://github.com/bootandy/dust/releases/download/v1.2.4/dust-v1.2.4-x86_64-pc-windows-msvc.zip"}

[[tools."aqua:docker/buildx"]]
version = "0.32.1"
backend = "aqua:docker/buildx"
"platforms.linux-arm64" = { checksum = "sha256:f03767cb0149759d409cd600b915bce764175ffda6eb3e86e14cc84a5637176a", url = "https://github.com/docker/buildx/releases/download/v0.32.1/buildx-v0.32.1.linux-arm64"}
"platforms.linux-x64" = { checksum = "sha256:2bbc1b8ebc9a05287b01bc2fe6633ec5e2f53d58ee955ae69756d668e7098e5e", url = "https://github.com/docker/buildx/releases/download/v0.32.1/buildx-v0.32.1.linux-amd64"}
"platforms.macos-arm64" = { checksum = "sha256:f508d57e82e661fc9daa4fc8bc5dc69e9625743366fe0d30c934deff55ed2526", url = "https://github.com/docker/buildx/releases/download/v0.32.1/buildx-v0.32.1.darwin-arm64"}
"platforms.macos-x64" = { checksum = "sha256:8a968999d850db1ae65d27d995767f13bdaf03f95d15db505d80c5d8782dfc73", url = "https://github.com/docker/buildx/releases/download/v0.32.1/buildx-v0.32.1.darwin-amd64"}
"platforms.windows-x64" = { checksum = "sha256:47d76e47acf3c7611dd594c4b0909fec680ae6406b6fa775f6077b195837e2b9", url = "https://github.com/docker/buildx/releases/download/v0.32.1/buildx-v0.32.1.windows-amd64.exe"}

[[tools."aqua:docker/cli"]]
version = "29.2.1"
backend = "aqua:docker/cli"
"platforms.linux-arm64" = { url = "https://download.docker.com/linux/static/stable/aarch64/docker-29.2.1.tgz"}
"platforms.linux-x64" = { url = "https://download.docker.com/linux/static/stable/x86_64/docker-29.2.1.tgz"}
"platforms.macos-arm64" = { checksum = "blake3:3406ab2dba3d82f17302ea32e2dde4279fdbf673f0bf431cf900859918ecb16a", url = "https://download.docker.com/mac/static/stable/aarch64/docker-29.2.1.tgz"}
"platforms.macos-x64" = { url = "https://download.docker.com/mac/static/stable/x86_64/docker-29.2.1.tgz"}
"platforms.windows-x64" = { url = "https://download.docker.com/win/static/stable/x86_64/docker-29.2.1.zip"}

[[tools."aqua:docker/compose"]]
version = "5.1.0"
backend = "aqua:docker/compose"
"platforms.linux-arm64" = { checksum = "sha256:da671ae15b4d7c68c38b572a2e9ceba89f09657d2682c2d2e34ad6db828e7442", url = "https://github.com/docker/compose/releases/download/v5.1.0/docker-compose-linux-aarch64"}
"platforms.linux-x64" = { checksum = "sha256:5633cb21e06a7c88c7ca48a9334d3d0f7f892e9605ae9e9a45f9a095d4ffceb8", url = "https://github.com/docker/compose/releases/download/v5.1.0/docker-compose-linux-x86_64"}
"platforms.macos-arm64" = { checksum = "sha256:100d5ed84adc51786b17b450e896f1c410624e1b9f1595cf51df9080009d3788", url = "https://github.com/docker/compose/releases/download/v5.1.0/docker-compose-darwin-aarch64"}
"platforms.macos-x64" = { checksum = "sha256:726cc96f92a8c0e4ca4484405271a1e16c09eb6dd6754ad5a33bcaf96486e0a9", url = "https://github.com/docker/compose/releases/download/v5.1.0/docker-compose-darwin-x86_64"}
"platforms.windows-x64" = { checksum = "sha256:ee84e42b93c501cb0aa2caa84d76b5f30ca6fb92f070e289fc37be7332c5822a", url = "https://github.com/docker/compose/releases/download/v5.1.0/docker-compose-windows-x86_64.exe"}

[[tools."aqua:duckdb/duckdb"]]
version = "1.4.4"
backend = "aqua:duckdb/duckdb"
"platforms.linux-arm64" = { checksum = "sha256:97995363217ddef691fe53b26df3b55ff368d356613d9daaea5999bb7a637e60", url = "https://github.com/duckdb/duckdb/releases/download/v1.4.4/duckdb_cli-linux-arm64.zip"}
"platforms.linux-x64" = { checksum = "sha256:ea79eae4233f1aba9a020c8a61877de38a789bc62cdd37485d3589cd77dc0d3e", url = "https://github.com/duckdb/duckdb/releases/download/v1.4.4/duckdb_cli-linux-amd64.zip"}
"platforms.macos-arm64" = { checksum = "sha256:3261e52ea423a97bb766172b584ceae20bb90b2d40552ab24c1b740ace79c972", url = "https://github.com/duckdb/duckdb/releases/download/v1.4.4/duckdb_cli-osx-universal.zip"}
"platforms.macos-x64" = { checksum = "sha256:3261e52ea423a97bb766172b584ceae20bb90b2d40552ab24c1b740ace79c972", url = "https://github.com/duckdb/duckdb/releases/download/v1.4.4/duckdb_cli-osx-universal.zip"}
"platforms.windows-x64" = { checksum = "sha256:cd24e5736ac69a33dc1411209f161ded5595ffc578e3cf016474346c64a87f5e", url = "https://github.com/duckdb/duckdb/releases/download/v1.4.4/duckdb_cli-windows-amd64.zip"}

[[tools."aqua:helix-editor/helix"]]
version = "25.07.1"
backend = "aqua:helix-editor/helix"
"platforms.linux-arm64" = { checksum = "sha256:ce23fa8d395e633e3e54c052012f11965d91d8d5c2bfa659685f50430b4f8175", url = "https://github.com/helix-editor/helix/releases/download/25.07.1/helix-25.07.1-aarch64-linux.tar.xz"}
"platforms.linux-x64" = { checksum = "sha256:3f08e63ecd388fff657ad39722f88bb03dcf326f1f2da2700d99e1dc40ab2e8b", url = "https://github.com/helix-editor/helix/releases/download/25.07.1/helix-25.07.1-x86_64-linux.tar.xz"}
"platforms.macos-arm64" = { checksum = "sha256:00b1651b4fdbbe0a2ae981c8e76b858bd26a7c33f5b3583f3b6bb9137d54f1ff", url = "https://github.com/helix-editor/helix/releases/download/25.07.1/helix-25.07.1-aarch64-macos.tar.xz"}
"platforms.macos-x64" = { checksum = "sha256:84dc32d617d28d32f4aa21e3aafac47bd715d1154aeb977697d4d60b887b7103", url = "https://github.com/helix-editor/helix/releases/download/25.07.1/helix-25.07.1-x86_64-macos.tar.xz"}
"platforms.windows-x64" = { checksum = "sha256:5c8325ced8bacd8418d62706f669e96d9c3578a9237526e34d546900cbc049b6", url = "https://github.com/helix-editor/helix/releases/download/25.07.1/helix-25.07.1-x86_64-windows.zip"}

[[tools."aqua:helm/helm"]]
version = "4.1.1"
backend = "aqua:helm/helm"
"platforms.linux-arm64" = { checksum = "sha256:02a5fb7742469d2d132e24cb7c3f52885894043576588c6788b6813297629edd", url = "https://get.helm.sh/helm-v4.1.1-linux-arm64.tar.gz"}
"platforms.linux-x64" = { checksum = "sha256:5d4c7623283e6dfb1971957f4b755468ab64917066a8567dd50464af298f4031", url = "https://get.helm.sh/helm-v4.1.1-linux-amd64.tar.gz"}
"platforms.macos-arm64" = { checksum = "sha256:b8f49e105b1d2fd8c8a90ba3fc9af48db91d2d1ca3b9e788352fc7c896bbb71a", url = "https://get.helm.sh/helm-v4.1.1-darwin-arm64.tar.gz"}
"platforms.macos-x64" = { checksum = "sha256:6b8dbb03abb74e9ab8e69ca3f9b6459178be11317d0ac502f922621c05fdc866", url = "https://get.helm.sh/helm-v4.1.1-darwin-amd64.tar.gz"}
"platforms.windows-x64" = { checksum = "sha256:bd0528a18d8a22431426eab3138a9479dfae00350719ac4150e81b123bfd6081", url = "https://get.helm.sh/helm-v4.1.1-windows-amd64.tar.gz"}

[[tools."aqua:helmfile/helmfile"]]
version = "1.4.1"
backend = "aqua:helmfile/helmfile"
"platforms.linux-arm64" = { checksum = "sha256:b19e6a75ad154776c0050a8fe72b789ac985c9a3e1cc2a7117a64333fd58e298", url = "https://github.com/helmfile/helmfile/releases/download/v1.4.1/helmfile_1.4.1_linux_arm64.tar.gz"}
"platforms.linux-x64" = { checksum = "sha256:d9a140aa60eeeebc8dc5576e38f2437370c093c634bd8e9ea7f21000de7405e5", url = "https://github.com/helmfile/helmfile/releases/download/v1.4.1/helmfile_1.4.1_linux_amd64.tar.gz"}
"platforms.macos-arm64" = { checksum = "sha256:d49087ade4e647af4c8fbc2c27f574e97f18baa2f35fcb316ad5a1b46ccf041f", url = "https://github.com/helmfile/helmfile/releases/download/v1.4.1/helmfile_1.4.1_darwin_arm64.tar.gz"}
"platforms.macos-x64" = { checksum = "sha256:d012dece15a4f811f154f953dba37c64aa5d5494d38f2cae64067d136b9bc037", url = "https://github.com/helmfile/helmfile/releases/download/v1.4.1/helmfile_1.4.1_darwin_amd64.tar.gz"}
"platforms.windows-x64" = { checksum = "sha256:b54b75622b209b4e528aea6ffec7ca07e2f69d5d44f6020c4f2cbcd916d7d47a", url = "https://github.com/helmfile/helmfile/releases/download/v1.4.1/helmfile_1.4.1_windows_amd64.tar.gz"}

[[tools."aqua:helmfile/vals"]]
version = "0.43.6"
backend = "aqua:helmfile/vals"
"platforms.linux-arm64" = { checksum = "sha256:aeedac1398545ab5cf7e07d36ea8dcc969cd3fafa88e61928c75f7f5de86d231", url = "https://github.com/helmfile/vals/releases/download/v0.43.6/vals_0.43.6_linux_arm64.tar.gz"}
"platforms.linux-x64" = { checksum = "sha256:baad04fec8fb00bbfe60c3b0e1df52e2d545484a5371dec8c45eb4f2bc17efe8", url = "https://github.com/helmfile/vals/releases/download/v0.43.6/vals_0.43.6_linux_amd64.tar.gz"}
"platforms.macos-arm64" = { checksum = "sha256:070331fcf1bed1f2401af3a7c792435c378a4c62595300aca6f9af3011d0f3ff", url = "https://github.com/helmfile/vals/releases/download/v0.43.6/vals_0.43.6_darwin_arm64.tar.gz"}
"platforms.macos-x64" = { checksum = "sha256:4389ddf2d62ae57e63ebea0a8b0b8074022e0592f85dc79ca1ee017e6c6d74c6", url = "https://github.com/helmfile/vals/releases/download/v0.43.6/vals_0.43.6_darwin_amd64.tar.gz"}
"platforms.windows-x64" = { checksum = "sha256:a39122f760b15410f833bd3966bf25f28ff46477938dfa2f965b4177cbab9f58", url = "https://github.com/helmfile/vals/releases/download/v0.43.6/vals_0.43.6_windows_amd64.tar.gz"}

[[tools."aqua:jesseduffield/lazygit"]]
version = "0.59.0"
backend = "aqua:jesseduffield/lazygit"
"platforms.linux-arm64" = { checksum = "sha256:a334a6c125169f21942f1a8b02043932575547a6250a1a734d62111efd92aa8f", url = "https://github.com/jesseduffield/lazygit/releases/download/v0.59.0/lazygit_0.59.0_linux_arm64.tar.gz"}
"platforms.linux-x64" = { checksum = "sha256:264283f40a40c899d702a338b20622f690221f753f03bac827c1f34e91f516c2", url = "https://github.com/jesseduffield/lazygit/releases/download/v0.59.0/lazygit_0.59.0_linux_x86_64.tar.gz"}
"platforms.macos-arm64" = { checksum = "sha256:cdd42e86b16b3bc21ec5cbe4be92d688e39f3806b53b63c54d1af4f498302ed8", url = "https://github.com/jesseduffield/lazygit/releases/download/v0.59.0/lazygit_0.59.0_darwin_arm64.tar.gz"}
"platforms.macos-x64" = { checksum = "sha256:365db34a92d017f7e77fe03aa461a921c6a31832fa9d427a7b06c86732821f55", url = "https://github.com/jesseduffield/lazygit/releases/download/v0.59.0/lazygit_0.59.0_darwin_x86_64.tar.gz"}
"platforms.windows-x64" = { checksum = "sha256:3f2c43d4596498ca4e1c31c0430e4a2e015624d82ea25bb306c8695e6613d912", url = "https://github.com/jesseduffield/lazygit/releases/download/v0.59.0/lazygit_0.59.0_windows_x86_64.zip"}

[[tools."aqua:jqlang/jq"]]
version = "1.8.1"
backend = "aqua:jqlang/jq"
"platforms.linux-arm64" = { checksum = "sha256:6bc62f25981328edd3cfcfe6fe51b073f2d7e7710d7ef7fcdac28d4e384fc3d4", url = "https://github.com/jqlang/jq/releases/download/jq-1.8.1/jq-linux-arm64"}
"platforms.linux-x64" = { checksum = "sha256:020468de7539ce70ef1bceaf7cde2e8c4f2ca6c3afb84642aabc5c97d9fc2a0d", url = "https://github.com/jqlang/jq/releases/download/jq-1.8.1/jq-linux-amd64"}
"platforms.macos-arm64" = { checksum = "sha256:a9fe3ea2f86dfc72f6728417521ec9067b343277152b114f4e98d8cb0e263603", url = "https://github.com/jqlang/jq/releases/download/jq-1.8.1/jq-macos-arm64"}
"platforms.macos-x64" = { checksum = "sha256:e80dbe0d2a2597e3c11c404f03337b981d74b4a8504b70586c354b7697a7c27f", url = "https://github.com/jqlang/jq/releases/download/jq-1.8.1/jq-macos-amd64"}
"platforms.windows-x64" = { checksum = "sha256:23cb60a1354eed6bcc8d9b9735e8c7b388cd1fdcb75726b93bc299ef22dd9334", url = "https://github.com/jqlang/jq/releases/download/jq-1.8.1/jq-windows-amd64.exe"}

[[tools."aqua:junegunn/fzf"]]
version = "0.70.0"
backend = "aqua:junegunn/fzf"
"platforms.linux-arm64" = { checksum = "sha256:90a07a13b61f56dd59ccfd0f0bf05070e9cec067713d313fa2607aab2dc0e422", url = "https://github.com/junegunn/fzf/releases/download/v0.70.0/fzf-0.70.0-linux_arm64.tar.gz"}
"platforms.linux-x64" = { checksum = "sha256:8fd0e0b93bdf64ba90081ffb6658d77ea5a024c122b36852b1de30f9d2733754", url = "https://github.com/junegunn/fzf/releases/download/v0.70.0/fzf-0.70.0-linux_amd64.tar.gz"}
"platforms.macos-arm64" = { checksum = "sha256:75f4905c2e3d00666d81dffdd001bb2a9a8e0ad4e4ac8cecfc17a7401b99e6e4", url = "https://github.com/junegunn/fzf/releases/download/v0.70.0/fzf-0.70.0-darwin_arm64.tar.gz"}
"platforms.macos-x64" = { checksum = "sha256:46af74cfeb171c5e2eb936096a653061a0de0f5aeb70319bf9935d8d193e078f", url = "https://github.com/junegunn/fzf/releases/download/v0.70.0/fzf-0.70.0-darwin_amd64.tar.gz"}
"platforms.windows-x64" = { checksum = "sha256:7465a6738e2c844742df973459c7509aed2d10d7a72bfd6de201b867b4eda4cd", url = "https://github.com/junegunn/fzf/releases/download/v0.70.0/fzf-0.70.0-windows_amd64.zip"}

[[tools."aqua:kubernetes/kubernetes/kubectl"]]
version = "1.35.2"
backend = "aqua:kubernetes/kubernetes/kubectl"
"platforms.linux-arm64" = { checksum = "sha256:cd859449f54ad2cb05b491c490c13bb836cdd0886ae013c0aed3dd67ff747467", url = "https://dl.k8s.io/v1.35.2/bin/linux/arm64/kubectl"}
"platforms.linux-x64" = { checksum = "sha256:924eb50779153f20cb668117d141440b95df2f325a64452d78dff9469145e277", url = "https://dl.k8s.io/v1.35.2/bin/linux/amd64/kubectl"}
"platforms.macos-arm64" = { checksum = "sha256:b0b59cdd7ba20ca20b85214943100e578dd50ddd85242fcddf277a87c2249706", url = "https://dl.k8s.io/v1.35.2/bin/darwin/arm64/kubectl"}
"platforms.macos-x64" = { checksum = "sha256:163955964d4ed9e66656eab45c0114f5c1110d1b430ace432b20ddc430023df5", url = "https://dl.k8s.io/v1.35.2/bin/darwin/amd64/kubectl"}
"platforms.windows-x64" = { checksum = "sha256:a6d02010aae330a3031afe7843747d5a18db59c9f0bca415e45fb24bbdccdd2c", url = "https://dl.k8s.io/v1.35.2/bin/windows/amd64/kubectl.exe"}

[[tools."aqua:lima-vm/lima"]]
version = "2.0.3"
backend = "aqua:lima-vm/lima"
"platforms.linux-arm64" = { checksum = "sha256:d0f9c30b82fdbd06b5c951b76bf3378b68cc658aebfe243f777949e131b6ea28", url = "https://github.com/lima-vm/lima/releases/download/v2.0.3/lima-2.0.3-Linux-aarch64.tar.gz"}
"platforms.linux-x64" = { checksum = "sha256:6838a926d85ed2ddcfd636befb476256a96196516a3b7f36d2af66cde9188d66", url = "https://github.com/lima-vm/lima/releases/download/v2.0.3/lima-2.0.3-Linux-x86_64.tar.gz"}
"platforms.macos-arm64" = { checksum = "sha256:22aee997df59e4fd448041b2d1214e48bd8eaf705d2d48a4307d65c1b179dc97", url = "https://github.com/lima-vm/lima/releases/download/v2.0.3/lima-2.0.3-Darwin-arm64.tar.gz"}
"platforms.macos-x64" = { checksum = "sha256:0806bcb83a08411e9d878b43b2c4203f1556fe14f9f8ba1e5f0d5d9a3c2c0bd8", url = "https://github.com/lima-vm/lima/releases/download/v2.0.3/lima-2.0.3-Darwin-x86_64.tar.gz"}

[[tools."aqua:lsd-rs/lsd"]]
version = "1.2.0"
backend = "aqua:lsd-rs/lsd"
"platforms.linux-arm64" = { checksum = "sha256:642ecb1a763b9f790a99c83a1445c117a6813ed4edb5d498d4420423c6353eb8", url = "https://github.com/lsd-rs/lsd/releases/download/v1.2.0/lsd-v1.2.0-aarch64-unknown-linux-musl.tar.gz"}
"platforms.linux-x64" = { checksum = "sha256:77849da1210336534258551a581401ba19ae6b8d7b66a2a1feff148ad41e3814", url = "https://github.com/lsd-rs/lsd/releases/download/v1.2.0/lsd-v1.2.0-x86_64-unknown-linux-musl.tar.gz"}
"platforms.macos-arm64" = { checksum = "sha256:9e34a5d392ff913302098aad0543dafa1883c531eaf229b82f086c3fca675e3e", url = "https://github.com/lsd-rs/lsd/releases/download/v1.2.0/lsd-v1.2.0-aarch64-apple-darwin.tar.gz"}
"platforms.macos-x64" = { checksum = "sha256:00d3c50551b270bbdf7da97816e5ba7f5fd10294cd310165f7f8b5523e738b9c", url = "https://github.com/lsd-rs/lsd/releases/download/v1.2.0/lsd-v1.2.0-x86_64-apple-darwin.tar.gz"}
"platforms.windows-x64" = { checksum = "sha256:a65b9f457153934a7ce1f7e0fe1c4922a95bb2822222126e4fbaa6ee9c0d78e5", url = "https://github.com/lsd-rs/lsd/releases/download/v1.2.0/lsd-v1.2.0-x86_64-pc-windows-msvc.zip"}

[[tools."aqua:muesli/duf"]]
version = "0.9.1"
backend = "aqua:muesli/duf"
"platforms.linux-arm64" = { checksum = "sha256:22ea0ad29f6610bf443aa351e600de97e47a9b380ef58316606a84bb8f595216", url = "https://github.com/muesli/duf/releases/download/v0.9.1/duf_0.9.1_linux_arm64.tar.gz"}
"platforms.linux-x64" = { checksum = "sha256:5add851e7062c5e56939abb664705e4d14fa2d06289490aff31d51f153832de7", url = "https://github.com/muesli/duf/releases/download/v0.9.1/duf_0.9.1_linux_x86_64.tar.gz"}
"platforms.macos-arm64" = { checksum = "sha256:512ba0ff3585bb8c65841de557a4c4b8712332db005dc952fa98d373a05d01df", url = "https://github.com/muesli/duf/releases/download/v0.9.1/duf_0.9.1_darwin_arm64.tar.gz"}
"platforms.macos-x64" = { checksum = "sha256:e3384519b0055c904b7352b55cd81bd101f5dd94dab1195a72880bddca7c2aaf", url = "https://github.com/muesli/duf/releases/download/v0.9.1/duf_0.9.1_darwin_x86_64.tar.gz"}
"platforms.windows-x64" = { checksum = "sha256:503934be81f847d9ddb1b739834217480633435ad16515dd199e372c0b2e1afc", url = "https://github.com/muesli/duf/releases/download/v0.9.1/duf_0.9.1_windows_x86_64.zip"}

[[tools."aqua:sharkdp/bat"]]
version = "0.26.1"
backend = "aqua:sharkdp/bat"
"platforms.linux-arm64" = { checksum = "sha256:6369242c584065f195fb20cb36fbd7cb63ae690605bbe89868a7596b596c2c23", url = "https://github.com/sharkdp/bat/releases/download/v0.26.1/bat-v0.26.1-aarch64-unknown-linux-musl.tar.gz"}
"platforms.linux-x64" = { checksum = "sha256:0dcd8ac79732c0d5b136f11f4ee00e581440e16a44eab5b3105b611bbf2cf191", url = "https://github.com/sharkdp/bat/releases/download/v0.26.1/bat-v0.26.1-x86_64-unknown-linux-musl.tar.gz"}
"platforms.macos-arm64" = { checksum = "sha256:e30beff26779c9bf60bb541e1d79046250cb74378f2757f8eb250afddb19e114", url = "https://github.com/sharkdp/bat/releases/download/v0.26.1/bat-v0.26.1-aarch64-apple-darwin.tar.gz"}
"platforms.macos-x64" = { checksum = "sha256:830d63b0bba1fa040542ec569e3cf77f60d3356b9de75116a344b061e0894245", url = "https://github.com/sharkdp/bat/releases/download/v0.26.1/bat-v0.26.1-x86_64-apple-darwin.tar.gz"}
"platforms.windows-x64" = { checksum = "sha256:0f729b4b6f5f28d395c641eacc2e9ff68d0096b85aa0eec344aa62425144b69b", url = "https://github.com/sharkdp/bat/releases/download/v0.26.1/bat-v0.26.1-x86_64-pc-windows-msvc.zip"}

[[tools."aqua:sharkdp/fd"]]
version = "10.3.0"
backend = "aqua:sharkdp/fd"
"platforms.linux-arm64" = { checksum = "sha256:996b9b1366433b211cb3bbedba91c9dbce2431842144d925428ead0adf32020b", url = "https://github.com/sharkdp/fd/releases/download/v10.3.0/fd-v10.3.0-aarch64-unknown-linux-musl.tar.gz"}
"platforms.linux-x64" = { checksum = "sha256:2b6bfaae8c48f12050813c2ffe1884c61ea26e750d803df9c9114550a314cd14", url = "https://github.com/sharkdp/fd/releases/download/v10.3.0/fd-v10.3.0-x86_64-unknown-linux-musl.tar.gz"}
"platforms.macos-arm64" = { checksum = "sha256:0570263812089120bc2a5d84f9e65cd0c25e4a4d724c80075c357239c74ae904", url = "https://github.com/sharkdp/fd/releases/download/v10.3.0/fd-v10.3.0-aarch64-apple-darwin.tar.gz"}
"platforms.macos-x64" = { checksum = "sha256:50d30f13fe3d5914b14c4fff5abcbd4d0cdab4b855970a6956f4f006c17117a3", url = "https://github.com/sharkdp/fd/releases/download/v10.3.0/fd-v10.3.0-x86_64-apple-darwin.tar.gz"}
"platforms.windows-x64" = { checksum = "sha256:318aa2a6fa664325933e81fda60d523fff29444129e91ebf0726b5b3bcd8b059", url = "https://github.com/sharkdp/fd/releases/download/v10.3.0/fd-v10.3.0-x86_64-pc-windows-msvc.zip"}

[[tools."aqua:siketyan/ghr"]]
version = "0.4.5"
backend = "aqua:siketyan/ghr"
"platforms.linux-arm64" = { url = "https://github.com/siketyan/ghr/releases/download/v0.4.5/ghr-aarch64-unknown-linux-gnu.tar.gz"}
"platforms.linux-x64" = { url = "https://github.com/siketyan/ghr/releases/download/v0.4.5/ghr-x86_64-unknown-linux-gnu.tar.gz"}
"platforms.macos-arm64" = { url = "https://github.com/siketyan/ghr/releases/download/v0.4.5/ghr-aarch64-apple-darwin.tar.gz"}
"platforms.macos-x64" = { url = "https://github.com/siketyan/ghr/releases/download/v0.4.5/ghr-x86_64-apple-darwin.tar.gz"}
"platforms.windows-x64" = { url = "https://github.com/siketyan/ghr/releases/download/v0.4.5/ghr-x86_64-pc-windows-msvc.tar.gz"}

[[tools."aqua:starship/starship"]]
version = "1.24.2"
backend = "aqua:starship/starship"
"platforms.linux-arm64" = { checksum = "sha256:56b9ff412bbf374d29b99e5ac09a849124cb37a0a13121e8470df32de53c1ea6", url = "https://github.com/starship/starship/releases/download/v1.24.2/starship-aarch64-unknown-linux-musl.tar.gz"}
"platforms.linux-x64" = { checksum = "sha256:00ff3c1f8ffb59b5c15d4b44c076bcca04d92cf0055c86b916248c14f3ae714a", url = "https://github.com/starship/starship/releases/download/v1.24.2/starship-x86_64-unknown-linux-musl.tar.gz"}
"platforms.macos-arm64" = { checksum = "sha256:d3a0da21374962625a2ee992110979bc1fa33424d7b6aea58a70405e26544fd9", url = "https://github.com/starship/starship/releases/download/v1.24.2/starship-aarch64-apple-darwin.tar.gz"}
"platforms.macos-x64" = { checksum = "sha256:237beb10cc970c4361536e9f9f434dfed755f8282c5cd951b6a7e3fcbda8e779", url = "https://github.com/starship/starship/releases/download/v1.24.2/starship-x86_64-apple-darwin.tar.gz"}
"platforms.windows-x64" = { checksum = "sha256:d38424c595320e9639a276666347d5e44cb004de3972f40b9a5a1a6b88537f29", url = "https://github.com/starship/starship/releases/download/v1.24.2/starship-x86_64-pc-windows-msvc.zip"}

[[tools."aqua:tealdeer-rs/tealdeer"]]
version = "1.8.1"
backend = "aqua:tealdeer-rs/tealdeer"
"platforms.linux-arm64" = { checksum = "sha256:09d4506b3ba2efe7376e3a5ce1238aa5e6c33ae6f2532c190156540f6c4e7d69", url = "https://github.com/tealdeer-rs/tealdeer/releases/download/v1.8.1/tealdeer-linux-aarch64-musl"}
"platforms.linux-x64" = { checksum = "sha256:6f2fad4435e0110484d3f25cdc4bf20129dae03238f32d06ebdd00bdc50ae2ed", url = "https://github.com/tealdeer-rs/tealdeer/releases/download/v1.8.1/tealdeer-linux-x86_64-musl"}
"platforms.macos-arm64" = { checksum = "sha256:4b3ecca53bdc41bc897c35f6457a6d2bb25aedc00816fdb3c28e947ef2900a34", url = "https://github.com/tealdeer-rs/tealdeer/releases/download/v1.8.1/tealdeer-macos-aarch64"}
"platforms.macos-x64" = { checksum = "sha256:25e8638dd56998d5b3a41b4d6468484689e1487de2a25033eb6bd8ecb44a5d4a", url = "https://github.com/tealdeer-rs/tealdeer/releases/download/v1.8.1/tealdeer-macos-x86_64"}
"platforms.windows-x64" = { checksum = "sha256:0fafa28d6503ec2a96efd71c5f1a57c8c547efd72706fd26fc53015415da7eb9", url = "https://github.com/tealdeer-rs/tealdeer/releases/download/v1.8.1/tealdeer-windows-x86_64-msvc.exe"}

[[tools."aqua:terraform-linters/tflint"]]
version = "0.61.0"
backend = "aqua:terraform-linters/tflint"
"platforms.linux-arm64" = { checksum = "sha256:999c25cfdb5208fe1133dec6b219e666a39fc2a7a0786a781dc9924ea5945ebf", url = "https://github.com/terraform-linters/tflint/releases/download/v0.61.0/tflint_linux_arm64.zip"}
"platforms.linux-x64" = { checksum = "sha256:ca4e4e8cb7cc3436f2b6979e9c4fd4e2623a66fcca1ad1fe12f8669967636ae2", url = "https://github.com/terraform-linters/tflint/releases/download/v0.61.0/tflint_linux_amd64.zip"}
"platforms.macos-arm64" = { checksum = "sha256:6593fa24cb6e14d2d0cf7af7fd02a271242f1038af6ecb5384f6738e105a0fea", url = "https://github.com/terraform-linters/tflint/releases/download/v0.61.0/tflint_darwin_arm64.zip"}
"platforms.macos-x64" = { checksum = "sha256:9cd3106c7b74f83cbcd90e0593dfaa1ce14dc5260fe32d946915fd0004aec2f4", url = "https://github.com/terraform-linters/tflint/releases/download/v0.61.0/tflint_darwin_amd64.zip"}
"platforms.windows-x64" = { checksum = "sha256:f114a26a519f580a9d27204b1210ba5869ed8219d7e23a732d41774d612af3b0", url = "https://github.com/terraform-linters/tflint/releases/download/v0.61.0/tflint_windows_amd64.zip"}

[[tools."aqua:wagoodman/dive"]]
version = "0.13.1"
backend = "aqua:wagoodman/dive"
"platforms.linux-arm64" = { checksum = "sha256:2fcd2cf20f634ccdb41efac44048b204bfc867c115641f37a7420693ed480a18", url = "https://github.com/wagoodman/dive/releases/download/v0.13.1/dive_0.13.1_linux_arm64.tar.gz"}
"platforms.linux-x64" = { checksum = "sha256:0970549eb4a306f8825a84145a2534153badb4d7dcf3febd1967c706367c3d0e", url = "https://github.com/wagoodman/dive/releases/download/v0.13.1/dive_0.13.1_linux_amd64.tar.gz"}
"platforms.macos-arm64" = { checksum = "sha256:38b7fa95a13e7f4d0b3060c875fe7427c2a0613ecff674bb45156eb34bca0b09", url = "https://github.com/wagoodman/dive/releases/download/v0.13.1/dive_0.13.1_darwin_arm64.tar.gz"}
"platforms.macos-x64" = { checksum = "sha256:04e4c1bac21be3aef99799cf0e470149a072ea4786be50718aa846cd13746523", url = "https://github.com/wagoodman/dive/releases/download/v0.13.1/dive_0.13.1_darwin_amd64.tar.gz"}
"platforms.windows-x64" = { checksum = "sha256:3e764ff28c7b89f4da679deac80483249fbbae3a1d512c103d54609eec09086a", url = "https://github.com/wagoodman/dive/releases/download/v0.13.1/dive_0.13.1_windows_amd64.zip"}

[[tools."aqua:x-motemen/ghq"]]
version = "1.9.4"
backend = "aqua:x-motemen/ghq"
"platforms.linux-arm64" = { checksum = "sha256:9952724ef1369d9f3fc8cc566a7dedfc8770f56015d5f751e4d6d69a8aa0a07e", url = "https://github.com/x-motemen/ghq/releases/download/v1.9.4/ghq_linux_arm64.zip"}
"platforms.linux-x64" = { checksum = "sha256:33752b7c4fea9751c6d3fa092ea6fb33c3671cde641f20dd7f8328a3a9e240b3", url = "https://github.com/x-motemen/ghq/releases/download/v1.9.4/ghq_linux_amd64.zip"}
"platforms.macos-arm64" = { checksum = "sha256:4f778cacf48f41bf5ba7af8dd011d3af874f585b447a925c4b389ce724e0335c", url = "https://github.com/x-motemen/ghq/releases/download/v1.9.4/ghq_darwin_arm64.zip"}
"platforms.macos-x64" = { checksum = "sha256:8adeacc4f9db32bd362bbb6923cc330cff691faa85d60d084f8a9677f91d032a", url = "https://github.com/x-motemen/ghq/releases/download/v1.9.4/ghq_darwin_amd64.zip"}
"platforms.windows-x64" = { checksum = "sha256:4b7adbbfd2c3b74ef01739aad053aa4952cd5f1b0520450c2dcd2dccc502c58b", url = "https://github.com/x-motemen/ghq/releases/download/v1.9.4/ghq_windows_amd64.zip"}

[[tools."aqua:zellij-org/zellij"]]
version = "0.43.1"
backend = "aqua:zellij-org/zellij"
"platforms.linux-arm64" = { checksum = "sha256:32321ad5f61c2c62d156162d1df95dc823666f84e4a0d7cd79b0fef02930b165", url = "https://github.com/zellij-org/zellij/releases/download/v0.43.1/zellij-aarch64-unknown-linux-musl.tar.gz"}
"platforms.linux-x64" = { checksum = "sha256:541d98efef5558293ef85ad9acd29e4d920b6e881513b9e77255d8207020d75a", url = "https://github.com/zellij-org/zellij/releases/download/v0.43.1/zellij-x86_64-unknown-linux-musl.tar.gz"}
"platforms.macos-arm64" = { checksum = "sha256:a09ea51f3d98427253de2b889bb04f1aa0850fbb034911c7a01b8f0194edba66", url = "https://github.com/zellij-org/zellij/releases/download/v0.43.1/zellij-aarch64-apple-darwin.tar.gz"}
"platforms.macos-x64" = { checksum = "sha256:7b0c1a9c2591eadf506ec58d62ef5f6d9c93d089a3603142af3dcca5fa575d44", url = "https://github.com/zellij-org/zellij/releases/download/v0.43.1/zellij-x86_64-apple-darwin.tar.gz"}

[[tools."github:Canop/broot"]]
version = "1.55.0"
backend = "github:Canop/broot"
"platforms.linux-arm64" = { checksum = "sha256:959d4c26b4d68b8c953e037a58a783b69064e319e14eeeb0939d3fd91e4b2ac6", url = "https://github.com/Canop/broot/releases/download/v1.55.0/broot_1.55.0.zip", url_api = "https://api.github.com/repos/Canop/broot/releases/assets/352988629"}
"platforms.linux-x64" = { checksum = "sha256:959d4c26b4d68b8c953e037a58a783b69064e319e14eeeb0939d3fd91e4b2ac6", url = "https://github.com/Canop/broot/releases/download/v1.55.0/broot_1.55.0.zip", url_api = "https://api.github.com/repos/Canop/broot/releases/assets/352988629"}
"platforms.macos-arm64" = { checksum = "sha256:959d4c26b4d68b8c953e037a58a783b69064e319e14eeeb0939d3fd91e4b2ac6", url = "https://github.com/Canop/broot/releases/download/v1.55.0/broot_1.55.0.zip", url_api = "https://api.github.com/repos/Canop/broot/releases/assets/352988629"}
"platforms.macos-x64" = { checksum = "sha256:959d4c26b4d68b8c953e037a58a783b69064e319e14eeeb0939d3fd91e4b2ac6", url = "https://github.com/Canop/broot/releases/download/v1.55.0/broot_1.55.0.zip", url_api = "https://api.github.com/repos/Canop/broot/releases/assets/352988629"}
"platforms.windows-x64" = { checksum = "sha256:959d4c26b4d68b8c953e037a58a783b69064e319e14eeeb0939d3fd91e4b2ac6", url = "https://github.com/Canop/broot/releases/download/v1.55.0/broot_1.55.0.zip", url_api = "https://api.github.com/repos/Canop/broot/releases/assets/352988629"}

[[tools."github:aquaproj/aqua"]]
version = "2.56.7"
backend = "github:aquaproj/aqua"
"platforms.linux-arm64" = { checksum = "sha256:32cdbac0802c9ec6d6faed81509774559290b4a1caf9de41810134d07aaebf4a", url = "https://github.com/aquaproj/aqua/releases/download/v2.56.7/aqua_linux_arm64.tar.gz", url_api = "https://api.github.com/repos/aquaproj/aqua/releases/assets/361518758"}
"platforms.linux-x64" = { checksum = "sha256:28c66335265451ac0d34a364e57836e6d73ef55cbb9698265ce3ee2b97f1c7c0", url = "https://github.com/aquaproj/aqua/releases/download/v2.56.7/aqua_linux_amd64.tar.gz", url_api = "https://api.github.com/repos/aquaproj/aqua/releases/assets/361518751"}
"platforms.macos-arm64" = { checksum = "sha256:8d6b37e86448debc0dfabf3b103f11bea8d7ad9b0c0b9bb3163b6075bbd87aba", url = "https://github.com/aquaproj/aqua/releases/download/v2.56.7/aqua_darwin_arm64.tar.gz", url_api = "https://api.github.com/repos/aquaproj/aqua/releases/assets/361518742"}
"platforms.macos-x64" = { checksum = "sha256:18a8a8697be058aa66451e981cb98d5e5b9772b01e7c70a51318c860e1c0b96b", url = "https://github.com/aquaproj/aqua/releases/download/v2.56.7/aqua_darwin_amd64.tar.gz", url_api = "https://api.github.com/repos/aquaproj/aqua/releases/assets/361518733"}
"platforms.windows-x64" = { checksum = "sha256:a5a5c4c494c14c8ef79c79187e15b11b91ddf0772c2f31ed3a85b56554f1a06b", url = "https://github.com/aquaproj/aqua/releases/download/v2.56.7/aqua_windows_amd64.zip", url_api = "https://api.github.com/repos/aquaproj/aqua/releases/assets/361518761"}

[[tools."github:wfxr/csview"]]
version = "1.3.4"
backend = "github:wfxr/csview"
"platforms.linux-arm64" = { url = "https://github.com/wfxr/csview/releases/download/v1.3.4/csview-v1.3.4-aarch64-unknown-linux-gnu.tar.gz", url_api = "https://api.github.com/repos/wfxr/csview/releases/assets/216375052"}
"platforms.linux-x64" = { url = "https://github.com/wfxr/csview/releases/download/v1.3.4/csview-v1.3.4-x86_64-unknown-linux-gnu.tar.gz", url_api = "https://api.github.com/repos/wfxr/csview/releases/assets/216375060"}
"platforms.macos-arm64" = { url = "https://github.com/wfxr/csview/releases/download/v1.3.4/csview-v1.3.4-aarch64-apple-darwin.tar.gz", url_api = "https://api.github.com/repos/wfxr/csview/releases/assets/216374994"}
"platforms.macos-x64" = { url = "https://github.com/wfxr/csview/releases/download/v1.3.4/csview-musl_1.3.4_amd64.deb", url_api = "https://api.github.com/repos/wfxr/csview/releases/assets/216375064"}
"platforms.windows-x64" = { url = "https://github.com/wfxr/csview/releases/download/v1.3.4/csview-v1.3.4-x86_64-pc-windows-msvc.zip", url_api = "https://api.github.com/repos/wfxr/csview/releases/assets/216375067"}

[[tools.go]]
version = "1.26.0"
backend = "core:go"
"platforms.linux-arm64" = { checksum = "sha256:bd03b743eb6eb4193ea3c3fd3956546bf0e3ca5b7076c8226334afe6b75704cd", url = "https://dl.google.com/go/go1.26.0.linux-arm64.tar.gz"}
"platforms.linux-x64" = { checksum = "sha256:aac1b08a0fb0c4e0a7c1555beb7b59180b05dfc5a3d62e40e9de90cd42f88235", url = "https://dl.google.com/go/go1.26.0.linux-amd64.tar.gz"}
"platforms.macos-arm64" = { checksum = "sha256:b1640525dfe68f066d56f200bef7bf4dce955a1a893bd061de6754c211431023", url = "https://dl.google.com/go/go1.26.0.darwin-arm64.tar.gz"}
"platforms.macos-x64" = { checksum = "sha256:1ca28b7703cbea05a65b2a1d92d6b308610ef92f8824578a0874f2e60c9d5a22", url = "https://dl.google.com/go/go1.26.0.darwin-amd64.tar.gz"}
"platforms.windows-x64" = { checksum = "sha256:9bbe0fc64236b2b51f6255c05c4232532b8ecc0e6d2e00950bd3021d8a4d07d4", url = "https://dl.google.com/go/go1.26.0.windows-amd64.zip"}

[[tools.node]]
version = "24.14.0"
backend = "core:node"
"platforms.linux-arm64" = { checksum = "sha256:f44740cd218de8127f1c44c41510a3a740fa5c9c8d1cdce1c3bedada79f3cde7", url = "https://nodejs.org/dist/v24.14.0/node-v24.14.0-linux-arm64.tar.gz"}
"platforms.linux-x64" = { checksum = "sha256:dbf5b8665dec15e59e6359a517fefb47b23fdb9152d8def975b9bca3dfc6d355", url = "https://nodejs.org/dist/v24.14.0/node-v24.14.0-linux-x64.tar.gz"}
"platforms.macos-arm64" = { checksum = "sha256:a1a54f46a750d2523d628d924aab61758a51c9dad3e0238beb14141be9615dd3", url = "https://nodejs.org/dist/v24.14.0/node-v24.14.0-darwin-arm64.tar.gz"}
"platforms.macos-x64" = { checksum = "sha256:f2879eb810e25993a0578e5d878930266fd2eafcffe9f2839b3d8db354d4879e", url = "https://nodejs.org/dist/v24.14.0/node-v24.14.0-darwin-x64.tar.gz"}
"platforms.windows-x64" = { checksum = "sha256:313fa40c0d7b18575821de8cb17483031fe07d95de5994f6f435f3b345f85c66", url = "https://nodejs.org/dist/v24.14.0/node-v24.14.0-win-x64.zip"}

[[tools.python]]
version = "3.14.3"
backend = "core:python"
"platforms.linux-arm64" = { checksum = "sha256:be0f4dc2932f762292b27d46ea7d3e8e66ddf3969a5eb0254a229015ed402625", url = "https://github.com/astral-sh/python-build-standalone/releases/download/20260303/cpython-3.14.3+20260303-aarch64-unknown-linux-gnu-install_only_stripped.tar.gz"}
"platforms.linux-x64" = { checksum = "sha256:0a73413f89efd417871876c9accaab28a9d1e3cd6358fbfff171a38ec99302f0", url = "https://github.com/astral-sh/python-build-standalone/releases/download/20260303/cpython-3.14.3+20260303-x86_64-unknown-linux-gnu-install_only_stripped.tar.gz"}
"platforms.macos-arm64" = { checksum = "sha256:4703cdf18b26798fde7b49b6b66149674c25f97127be6a10dbcf29309bdcdcdb", url = "https://github.com/astral-sh/python-build-standalone/releases/download/20260303/cpython-3.14.3+20260303-aarch64-apple-darwin-install_only_stripped.tar.gz"}
"platforms.macos-x64" = { checksum = "sha256:76f1cc26e3d262eae8ca546a93e8bded10cf0323613f7e246fea2e10a8115eb7", url = "https://github.com/astral-sh/python-build-standalone/releases/download/20260303/cpython-3.14.3+20260303-x86_64-apple-darwin-install_only_stripped.tar.gz"}
"platforms.windows-x64" = { checksum = "sha256:950c5f21a015c1bdd1337f233456df2470fab71e4d794407d27a84cb8b9909a0", url = "https://github.com/astral-sh/python-build-standalone/releases/download/20260303/cpython-3.14.3+20260303-x86_64-pc-windows-msvc-install_only_stripped.tar.gz"}

[[tools.ruby]]
version = "4.0.1"
backend = "core:ruby"
"platforms.linux-arm64" = { checksum = "sha256:59f6f03b5113afac408248c7b762a8a4d8bbe223917ef3cc56614d061e296f92", url = "https://github.com/jdx/ruby/releases/download/4.0.1/ruby-4.0.1.arm64_linux.tar.gz"}
"platforms.linux-x64" = { checksum = "sha256:df9793cc730f782273fb17c70bc205f724fd2e127e95c0c059ae198705110b98", url = "https://github.com/jdx/ruby/releases/download/4.0.1/ruby-4.0.1.x86_64_linux.tar.gz"}
"platforms.macos-arm64" = { checksum = "sha256:d5fd316eabcbe58e33be6b44125c7b22f87da90bae0d7e28ffc6be34abe1476e", url = "https://github.com/jdx/ruby/releases/download/4.0.1/ruby-4.0.1.macos.tar.gz"}
"platforms.macos-x64" = { checksum = "sha256:3924be2d05db30f4e35f859bf028be85f4b7dd01714142fd823e4af5de2faf9d", url = "https://cache.ruby-lang.org/pub/ruby/4.0/ruby-4.0.1.tar.gz"}
"platforms.windows-x64" = { checksum = "sha256:3924be2d05db30f4e35f859bf028be85f4b7dd01714142fd823e4af5de2faf9d", url = "https://cache.ruby-lang.org/pub/ruby/4.0/ruby-4.0.1.tar.gz"}

[[tools.rust]]
version = "1.93.1"
backend = "core:rust"

[[tools.terraform]]
version = "1.14.5"
backend = "asdf:terraform"
